
Microsoft Visual Studio Solution File, Format Version 12.00
# Visual Studio Version 17
VisualStudioVersion = 17.14.36127.28
MinimumVisualStudioVersion = 10.0.40219.1
Project("{FAE04EC0-301F-11D3-BF4B-00C04F79EFBC}") = "Facturacion.WebApi", "Facturacion.WebApi\Facturacion.WebApi.csproj", "{53958D24-20EC-4E48-BA3B-85566777A63D}"
EndProject
Project("{FAE04EC0-301F-11D3-BF4B-00C04F79EFBC}") = "Facturacion.Domain", "Facturacion.Domain\Facturacion.Domain.csproj", "{FAC9B6CE-B1E6-498A-9FEF-04CC98FDDF3E}"
EndProject
Project("{FAE04EC0-301F-11D3-BF4B-00C04F79EFBC}") = "Facturacion.Infrastructure", "Facturacion.Infrastructure\Facturacion.Infrastructure.csproj", "{16AC551D-FACC-494E-AE55-8AC77483BB1B}"
EndProject
Project("{FAE04EC0-301F-11D3-BF4B-00C04F79EFBC}") = "Facturacion.Application", "Facturacion.Application\Facturacion.Application.csproj", "{7C168D5F-35DE-DD1A-6915-3DC45C1638B9}"
EndProject
Global
	GlobalSection(SolutionConfigurationPlatforms) = preSolution
		Debug|Any CPU = Debug|Any CPU
		Release|Any CPU = Release|Any CPU
	EndGlobalSection
	GlobalSection(ProjectConfigurationPlatforms) = postSolution
		{53958D24-20EC-4E48-BA3B-85566777A63D}.Debug|Any CPU.ActiveCfg = Debug|Any CPU
		{53958D24-20EC-4E48-BA3B-85566777A63D}.Debug|Any CPU.Build.0 = Debug|Any CPU
		{53958D24-20EC-4E48-BA3B-85566777A63D}.Release|Any CPU.ActiveCfg = Release|Any CPU
		{53958D24-20EC-4E48-BA3B-85566777A63D}.Release|Any CPU.Build.0 = Release|Any CPU
		{FAC9B6CE-B1E6-498A-9FEF-04CC98FDDF3E}.Debug|Any CPU.ActiveCfg = Debug|Any CPU
		{FAC9B6CE-B1E6-498A-9FEF-04CC98FDDF3E}.Debug|Any CPU.Build.0 = Debug|Any CPU
		{FAC9B6CE-B1E6-498A-9FEF-04CC98FDDF3E}.Release|Any CPU.ActiveCfg = Release|Any CPU
		{FAC9B6CE-B1E6-498A-9FEF-04CC98FDDF3E}.Release|Any CPU.Build.0 = Release|Any CPU
		{16AC551D-FACC-494E-AE55-8AC77483BB1B}.Debug|Any CPU.ActiveCfg = Debug|Any CPU
		{16AC551D-FACC-494E-AE55-8AC77483BB1B}.Debug|Any CPU.Build.0 = Debug|Any CPU
		{16AC551D-FACC-494E-AE55-8AC77483BB1B}.Release|Any CPU.ActiveCfg = Release|Any CPU
		{16AC551D-FACC-494E-AE55-8AC77483BB1B}.Release|Any CPU.Build.0 = Release|Any CPU
		{7C168D5F-35DE-DD1A-6915-3DC45C1638B9}.Debug|Any CPU.ActiveCfg = Debug|Any CPU
		{7C168D5F-35DE-DD1A-6915-3DC45C1638B9}.Debug|Any CPU.Build.0 = Debug|Any CPU
		{7C168D5F-35DE-DD1A-6915-3DC45C1638B9}.Release|Any CPU.ActiveCfg = Release|Any CPU
		{7C168D5F-35DE-DD1A-6915-3DC45C1638B9}.Release|Any CPU.Build.0 = Release|Any CPU
	EndGlobalSection
	GlobalSection(SolutionProperties) = preSolution
		HideSolutionNode = FALSE
	EndGlobalSection
	GlobalSection(ExtensibilityGlobals) = postSolution
		SolutionGuid = {5D1BBC87-265C-4D86-B65B-6B8AAA472E5E}
	EndGlobalSection
EndGlobal
